{
  "name": "ajs-platforms-1-",
  "version": "1.0.0",
  "lockfileVersion": 2,
  "requires": true,
  "packages": {
    "": {
      "name": "ajs-platforms-1-",
      "version": "1.0.0",
      "license": "ISC",
      "dependencies": {
        "@iep003/ajs-platforms": "^1.0.0"
      }
    },
    "node_modules/@iep003/ajs-platforms": {
      "version": "1.0.0",
      "resolved": "https://npm.pkg.github.com/download/@iep003/ajs-platforms/1.0.0/9da0df0f98dfe1642ff59e4ee9283513305e5b8b",
      "integrity": "sha512-tysrWWZZ9gjFeYXXKyXCKaqLf3KRCpg9AQN7f4Fu1+mAKC0BoCcw8J1+Aq6wEjcvhOP24BreyZXgLW27pij/ag==",
      "license": "ISC"
    }
  },
  "dependencies": {
    "@iep003/ajs-platforms": {
      "version": "1.0.0",
      "resolved": "https://npm.pkg.github.com/download/@iep003/ajs-platforms/1.0.0/9da0df0f98dfe1642ff59e4ee9283513305e5b8b",
      "integrity": "sha512-tysrWWZZ9gjFeYXXKyXCKaqLf3KRCpg9AQN7f4Fu1+mAKC0BoCcw8J1+Aq6wEjcvhOP24BreyZXgLW27pij/ag=="
    }
  }
}
